<?xml version="1.0" encoding="utf-8"?>
<Project ToolsVersion="4.0" xmlns="http://schemas.microsoft.com/developer/msbuild/2003">
  <ItemGroup>
    <Filter Include="Source Files">
      <UniqueIdentifier>{4FC737F1-C7A5-4376-A066-2A32D752A2FF}</UniqueIdentifier>
      <Extensions>cpp;c;cc;cxx;def;odl;idl;hpj;bat;asm;asmx</Extensions>
    </Filter>
    <Filter Include="Header Files">
      <UniqueIdentifier>{93995380-89BD-4b04-88EB-625FBE52EBFB}</UniqueIdentifier>
      <Extensions>h;hh;hpp;hxx;hm;inl;inc;xsd</Extensions>
    </Filter>
    <Filter Include="Shaders">
      <UniqueIdentifier>{a39560bd-b676-4635-8f89-3d3eb8ca9bb8}</UniqueIdentifier>
    </Filter>
    <Filter Include="Vector">
      <UniqueIdentifier>{99ce53a1-4361-4e37-b692-c3653b3588a3}</UniqueIdentifier>
    </Filter>
  </ItemGroup>
  <ItemGroup>
    <ClCompile Include="Main.cpp">
      <Filter>Source Files</Filter>
    </ClCompile>
    <ClCompile Include="drawCanvasWidget.cpp">
      <Filter>Source Files</Filter>
    </ClCompile>
    <ClCompile Include="readShaderFromBuffer.cpp">
      <Filter>Source Files</Filter>
    </ClCompile>
    <ClCompile Include="TextureLoader.cpp">
      <Filter>Source Files</Filter>
    </ClCompile>
    <ClCompile Include="colorLineAdjustmentWidget.cpp">
      <Filter>Source Files</Filter>
    </ClCompile>
    <ClCompile Include="Vector\vector.cc">
      <Filter>Vector</Filter>
    </ClCompile>
    <ClCompile Include="Vector\fvector.cc">
      <Filter>Vector</Filter>
    </ClCompile>
    <ClCompile Include="Vector\dvector.cc">
      <Filter>Vector</Filter>
    </ClCompile>
    <ClCompile Include="drawTexWidget.cpp">
      <Filter>Source Files</Filter>
    </ClCompile>
    <ClCompile Include="textRenderer.cc">
      <Filter>Source Files</Filter>
    </ClCompile>
    <ClCompile Include="frameBufferObject.cc">
      <Filter>Source Files</Filter>
    </ClCompile>
  </ItemGroup>
  <ItemGroup>
    <ClInclude Include="drawCanvasWidget.h">
      <Filter>Header Files</Filter>
    </ClInclude>
    <ClInclude Include="TextureLoader.h">
      <Filter>Header Files</Filter>
    </ClInclude>
    <ClInclude Include="colorLineAdjustmentWidget.h">
      <Filter>Header Files</Filter>
    </ClInclude>
    <ClInclude Include="Vector\dVector.h">
      <Filter>Vector</Filter>
    </ClInclude>
    <ClInclude Include="Vector\fVector.h">
      <Filter>Vector</Filter>
    </ClInclude>
    <ClInclude Include="Vector\vector.h">
      <Filter>Vector</Filter>
    </ClInclude>
    <ClInclude Include="drawTexWidget.h">
      <Filter>Header Files</Filter>
    </ClInclude>
    <ClInclude Include="textRenderer.h">
      <Filter>Header Files</Filter>
    </ClInclude>
    <ClInclude Include="frameBufferObject.h">
      <Filter>Header Files</Filter>
    </ClInclude>
  </ItemGroup>
  <ItemGroup>
    <None Include="..\Shaders\colorScale_vs.glsl">
      <Filter>Shaders</Filter>
    </None>
    <None Include="..\Shaders\colorScale_fs.glsl">
      <Filter>Shaders</Filter>
    </None>
  </ItemGroup>
</Project>